{
  "name": "xiaoji-sdk",
  "version": "1.0.0",
  "lockfileVersion": 3,
  "requires": true,
  "packages": {
    "": {
      "name": "xiaoji-sdk",
      "version": "1.0.0",
      "license": "MIT",
      "bin": {
        "xiaoji-sdk": "bin/xiaoji-sdk.js"
      },
      "engines": {
        "node": ">=18"
      }
    }
  }
}

